// !$*UTF8*$!
{
	archiveVersion = 1;
	classes = {
	};
	objectVersion = 45;
	objects = {

/* Begin PBXBuildFile section */
		151728191130068E00460F9B /* CuObject.h in Headers */ = {isa = PBXBuildFile; fileRef = 151728171130068E00460F9B /* CuObject.h */; };
		1517281A1130068E00460F9B /* CuObject.c in Sources */ = {isa = PBXBuildFile; fileRef = 151728181130068E00460F9B /* CuObject.c */; };
		151728261130087B00460F9B /* CuArray.h in Headers */ = {isa = PBXBuildFile; fileRef = 151728241130087B00460F9B /* CuArray.h */; };
		151728271130087B00460F9B /* CuArray.c in Sources */ = {isa = PBXBuildFile; fileRef = 151728251130087B00460F9B /* CuArray.c */; };
		158344B6114ABD0A00394807 /* CuArrayTests.m in Sources */ = {isa = PBXBuildFile; fileRef = 158344B5114ABD0A00394807 /* CuArrayTests.m */; };
		158344B7114ABD2100394807 /* CuMutableArray.h in Headers */ = {isa = PBXBuildFile; fileRef = 15882EDB114A62760013D292 /* CuMutableArray.h */; };
		158344B8114ABD2600394807 /* CuMutableArray.c in Sources */ = {isa = PBXBuildFile; fileRef = 15882EDC114A62760013D292 /* CuMutableArray.c */; };
		158344CA114ABEC300394807 /* CuNumber.h in Headers */ = {isa = PBXBuildFile; fileRef = 158344BB114ABD5300394807 /* CuNumber.h */; };
		158344CB114ABEC600394807 /* CuNumber.c in Sources */ = {isa = PBXBuildFile; fileRef = 158344BC114ABD5300394807 /* CuNumber.c */; };
		159114A31130A0E0000A0BC0 /* CuReleasePool.h in Headers */ = {isa = PBXBuildFile; fileRef = 159114A11130A0E0000A0BC0 /* CuReleasePool.h */; };
		159114A41130A0E0000A0BC0 /* CuReleasePool.c in Sources */ = {isa = PBXBuildFile; fileRef = 159114A21130A0E0000A0BC0 /* CuReleasePool.c */; };
		15A65C9111301B6A003E8CE5 /* CuObjectTests.m in Sources */ = {isa = PBXBuildFile; fileRef = 15A65C8811301AE7003E8CE5 /* CuObjectTests.m */; };
		15A65CD911301DC1003E8CE5 /* libCumin.a in Frameworks */ = {isa = PBXBuildFile; fileRef = D2AAC046055464E500DB518D /* libCumin.a */; };
		15A65D0511302204003E8CE5 /* CuData.c in Sources */ = {isa = PBXBuildFile; fileRef = 15A65CEB11301F6D003E8CE5 /* CuData.c */; };
		15A65D061130220A003E8CE5 /* CuData.h in Headers */ = {isa = PBXBuildFile; fileRef = 15A65CEA11301F6D003E8CE5 /* CuData.h */; };
		15A65D151130226F003E8CE5 /* CuDataTests.m in Sources */ = {isa = PBXBuildFile; fileRef = 15A65D141130226F003E8CE5 /* CuDataTests.m */; };
		15F60846113D591A007039C9 /* Cumin.h in Headers */ = {isa = PBXBuildFile; fileRef = 15F60845113D5902007039C9 /* Cumin.h */; };
/* End PBXBuildFile section */

/* Begin PBXContainerItemProxy section */
		15A65CD511301DB5003E8CE5 /* PBXContainerItemProxy */ = {
			isa = PBXContainerItemProxy;
			containerPortal = 08FB7793FE84155DC02AAC07 /* Project object */;
			proxyType = 1;
			remoteGlobalIDString = D2AAC045055464E500DB518D;
			remoteInfo = Cumin;
		};
/* End PBXContainerItemProxy section */

/* Begin PBXFileReference section */
		151728171130068E00460F9B /* CuObject.h */ = {isa = PBXFileReference; fileEncoding = 4; lastKnownFileType = sourcecode.c.h; path = CuObject.h; sourceTree = "<group>"; };
		151728181130068E00460F9B /* CuObject.c */ = {isa = PBXFileReference; fileEncoding = 4; lastKnownFileType = sourcecode.c.c; path = CuObject.c; sourceTree = "<group>"; };
		151728241130087B00460F9B /* CuArray.h */ = {isa = PBXFileReference; fileEncoding = 4; lastKnownFileType = sourcecode.c.h; path = CuArray.h; sourceTree = "<group>"; };
		151728251130087B00460F9B /* CuArray.c */ = {isa = PBXFileReference; fileEncoding = 4; lastKnownFileType = sourcecode.c.c; path = CuArray.c; sourceTree = "<group>"; };
		155446A01130AD190088B9FE /* Readme.markdown */ = {isa = PBXFileReference; fileEncoding = 4; lastKnownFileType = text; path = Readme.markdown; sourceTree = "<group>"; };
		158344B4114ABD0A00394807 /* CuArrayTests.h */ = {isa = PBXFileReference; fileEncoding = 4; lastKnownFileType = sourcecode.c.h; path = CuArrayTests.h; sourceTree = "<group>"; };
		158344B5114ABD0A00394807 /* CuArrayTests.m */ = {isa = PBXFileReference; fileEncoding = 4; lastKnownFileType = sourcecode.c.objc; path = CuArrayTests.m; sourceTree = "<group>"; };
		158344BB114ABD5300394807 /* CuNumber.h */ = {isa = PBXFileReference; fileEncoding = 4; lastKnownFileType = sourcecode.c.h; path = CuNumber.h; sourceTree = "<group>"; };
		158344BC114ABD5300394807 /* CuNumber.c */ = {isa = PBXFileReference; fileEncoding = 4; lastKnownFileType = sourcecode.c.c; path = CuNumber.c; sourceTree = "<group>"; };
		15882ED5114A622C0013D292 /* CuArray_Private.h */ = {isa = PBXFileReference; fileEncoding = 4; lastKnownFileType = sourcecode.c.h; path = CuArray_Private.h; sourceTree = "<group>"; };
		15882EDB114A62760013D292 /* CuMutableArray.h */ = {isa = PBXFileReference; fileEncoding = 4; lastKnownFileType = sourcecode.c.h; path = CuMutableArray.h; sourceTree = "<group>"; };
		15882EDC114A62760013D292 /* CuMutableArray.c */ = {isa = PBXFileReference; fileEncoding = 4; lastKnownFileType = sourcecode.c.c; path = CuMutableArray.c; sourceTree = "<group>"; };
		159114A11130A0E0000A0BC0 /* CuReleasePool.h */ = {isa = PBXFileReference; fileEncoding = 4; lastKnownFileType = sourcecode.c.h; path = CuReleasePool.h; sourceTree = "<group>"; };
		159114A21130A0E0000A0BC0 /* CuReleasePool.c */ = {isa = PBXFileReference; fileEncoding = 4; lastKnownFileType = sourcecode.c.c; path = CuReleasePool.c; sourceTree = "<group>"; };
		159115161130A5DD000A0BC0 /* Cumin-Test.pch */ = {isa = PBXFileReference; fileEncoding = 4; lastKnownFileType = sourcecode.c.h; path = "Cumin-Test.pch"; sourceTree = "<group>"; };
		15A65C7E11301AC0003E8CE5 /* Cumin-Test.octest */ = {isa = PBXFileReference; explicitFileType = wrapper.cfbundle; includeInIndex = 0; path = "Cumin-Test.octest"; sourceTree = BUILT_PRODUCTS_DIR; };
		15A65C7F11301AC0003E8CE5 /* Cumin-Test-Info.plist */ = {isa = PBXFileReference; lastKnownFileType = text.plist.xml; path = "Cumin-Test-Info.plist"; sourceTree = "<group>"; };
		15A65C8711301AE7003E8CE5 /* CuObjectTests.h */ = {isa = PBXFileReference; fileEncoding = 4; lastKnownFileType = sourcecode.c.h; path = CuObjectTests.h; sourceTree = "<group>"; };
		15A65C8811301AE7003E8CE5 /* CuObjectTests.m */ = {isa = PBXFileReference; fileEncoding = 4; lastKnownFileType = sourcecode.c.objc; path = CuObjectTests.m; sourceTree = "<group>"; };
		15A65CBE11301D2C003E8CE5 /* SenTestingKit.framework */ = {isa = PBXFileReference; lastKnownFileType = wrapper.framework; name = SenTestingKit.framework; path = Library/Frameworks/SenTestingKit.framework; sourceTree = DEVELOPER_DIR; };
		15A65CEA11301F6D003E8CE5 /* CuData.h */ = {isa = PBXFileReference; fileEncoding = 4; lastKnownFileType = sourcecode.c.h; path = CuData.h; sourceTree = "<group>"; };
		15A65CEB11301F6D003E8CE5 /* CuData.c */ = {isa = PBXFileReference; fileEncoding = 4; lastKnownFileType = sourcecode.c.c; path = CuData.c; sourceTree = "<group>"; };
		15A65D131130226F003E8CE5 /* CuDataTests.h */ = {isa = PBXFileReference; fileEncoding = 4; lastKnownFileType = sourcecode.c.h; path = CuDataTests.h; sourceTree = "<group>"; };
		15A65D141130226F003E8CE5 /* CuDataTests.m */ = {isa = PBXFileReference; fileEncoding = 4; lastKnownFileType = sourcecode.c.objc; path = CuDataTests.m; sourceTree = "<group>"; };
		15F60845113D5902007039C9 /* Cumin.h */ = {isa = PBXFileReference; fileEncoding = 4; lastKnownFileType = sourcecode.c.h; path = Cumin.h; sourceTree = "<group>"; };
		D2AAC046055464E500DB518D /* libCumin.a */ = {isa = PBXFileReference; explicitFileType = archive.ar; includeInIndex = 0; path = libCumin.a; sourceTree = BUILT_PRODUCTS_DIR; };
/* End PBXFileReference section */

/* Begin PBXFrameworksBuildPhase section */
		15A65C7B11301AC0003E8CE5 /* Frameworks */ = {
			isa = PBXFrameworksBuildPhase;
			buildActionMask = 2147483647;
			files = (
				15A65CD911301DC1003E8CE5 /* libCumin.a in Frameworks */,
			);
			runOnlyForDeploymentPostprocessing = 0;
		};
		D289987405E68DCB004EDB86 /* Frameworks */ = {
			isa = PBXFrameworksBuildPhase;
			buildActionMask = 2147483647;
			files = (
			);
			runOnlyForDeploymentPostprocessing = 0;
		};
/* End PBXFrameworksBuildPhase section */

/* Begin PBXGroup section */
		08FB7794FE84155DC02AAC07 /* Cumin */ = {
			isa = PBXGroup;
			children = (
				155446A01130AD190088B9FE /* Readme.markdown */,
				15A65C8611301AD9003E8CE5 /* Tests */,
				08FB7795FE84155DC02AAC07 /* Source */,
				C6A0FF2B0290797F04C91782 /* Documentation */,
				1AB674ADFE9D54B511CA2CBB /* Products */,
			);
			name = Cumin;
			sourceTree = "<group>";
		};
		08FB7795FE84155DC02AAC07 /* Source */ = {
			isa = PBXGroup;
			children = (
				15F60845113D5902007039C9 /* Cumin.h */,
				151728171130068E00460F9B /* CuObject.h */,
				151728181130068E00460F9B /* CuObject.c */,
				15882E9E114A61830013D292 /* Array */,
				15A65CEA11301F6D003E8CE5 /* CuData.h */,
				15A65CEB11301F6D003E8CE5 /* CuData.c */,
				159114A11130A0E0000A0BC0 /* CuReleasePool.h */,
				159114A21130A0E0000A0BC0 /* CuReleasePool.c */,
				158344BB114ABD5300394807 /* CuNumber.h */,
				158344BC114ABD5300394807 /* CuNumber.c */,
			);
			name = Source;
			sourceTree = "<group>";
		};
		15882E9E114A61830013D292 /* Array */ = {
			isa = PBXGroup;
			children = (
				151728241130087B00460F9B /* CuArray.h */,
				15882ED5114A622C0013D292 /* CuArray_Private.h */,
				151728251130087B00460F9B /* CuArray.c */,
				15882EDB114A62760013D292 /* CuMutableArray.h */,
				15882EDC114A62760013D292 /* CuMutableArray.c */,
			);
			name = Array;
			sourceTree = "<group>";
		};
		15A65C8611301AD9003E8CE5 /* Tests */ = {
			isa = PBXGroup;
			children = (
				15A65C7F11301AC0003E8CE5 /* Cumin-Test-Info.plist */,
				15A65CBE11301D2C003E8CE5 /* SenTestingKit.framework */,
				15A65C8711301AE7003E8CE5 /* CuObjectTests.h */,
				15A65C8811301AE7003E8CE5 /* CuObjectTests.m */,
				158344B4114ABD0A00394807 /* CuArrayTests.h */,
				158344B5114ABD0A00394807 /* CuArrayTests.m */,
				15A65D131130226F003E8CE5 /* CuDataTests.h */,
				15A65D141130226F003E8CE5 /* CuDataTests.m */,
				159115161130A5DD000A0BC0 /* Cumin-Test.pch */,
			);
			name = Tests;
			sourceTree = "<group>";
		};
		1AB674ADFE9D54B511CA2CBB /* Products */ = {
			isa = PBXGroup;
			children = (
				D2AAC046055464E500DB518D /* libCumin.a */,
				15A65C7E11301AC0003E8CE5 /* Cumin-Test.octest */,
			);
			name = Products;
			sourceTree = "<group>";
		};
		C6A0FF2B0290797F04C91782 /* Documentation */ = {
			isa = PBXGroup;
			children = (
			);
			name = Documentation;
			sourceTree = "<group>";
		};
/* End PBXGroup section */

/* Begin PBXHeadersBuildPhase section */
		D2AAC043055464E500DB518D /* Headers */ = {
			isa = PBXHeadersBuildPhase;
			buildActionMask = 2147483647;
			files = (
				15F60846113D591A007039C9 /* Cumin.h in Headers */,
				151728191130068E00460F9B /* CuObject.h in Headers */,
				151728261130087B00460F9B /* CuArray.h in Headers */,
				15A65D061130220A003E8CE5 /* CuData.h in Headers */,
				159114A31130A0E0000A0BC0 /* CuReleasePool.h in Headers */,
				158344B7114ABD2100394807 /* CuMutableArray.h in Headers */,
				158344CA114ABEC300394807 /* CuNumber.h in Headers */,
			);
			runOnlyForDeploymentPostprocessing = 0;
		};
/* End PBXHeadersBuildPhase section */

/* Begin PBXNativeTarget section */
		15A65C7D11301AC0003E8CE5 /* Cumin-Test */ = {
			isa = PBXNativeTarget;
			buildConfigurationList = 15A65C8211301AC1003E8CE5 /* Build configuration list for PBXNativeTarget "Cumin-Test" */;
			buildPhases = (
				15A65C7911301AC0003E8CE5 /* Resources */,
				15A65C7A11301AC0003E8CE5 /* Sources */,
				15A65C7B11301AC0003E8CE5 /* Frameworks */,
				15A65C7C11301AC0003E8CE5 /* ShellScript */,
			);
			buildRules = (
			);
			dependencies = (
				15A65CD611301DB5003E8CE5 /* PBXTargetDependency */,
			);
			name = "Cumin-Test";
			productName = "Cumin-Test";
			productReference = 15A65C7E11301AC0003E8CE5 /* Cumin-Test.octest */;
			productType = "com.apple.product-type.bundle";
		};
		D2AAC045055464E500DB518D /* Cumin */ = {
			isa = PBXNativeTarget;
			buildConfigurationList = 1DEB91EB08733DB70010E9CD /* Build configuration list for PBXNativeTarget "Cumin" */;
			buildPhases = (
				D2AAC043055464E500DB518D /* Headers */,
				D2AAC044055464E500DB518D /* Sources */,
				D289987405E68DCB004EDB86 /* Frameworks */,
			);
			buildRules = (
			);
			dependencies = (
			);
			name = Cumin;
			productName = Cumin;
			productReference = D2AAC046055464E500DB518D /* libCumin.a */;
			productType = "com.apple.product-type.library.static";
		};
/* End PBXNativeTarget section */

/* Begin PBXProject section */
		08FB7793FE84155DC02AAC07 /* Project object */ = {
			isa = PBXProject;
			buildConfigurationList = 1DEB91EF08733DB70010E9CD /* Build configuration list for PBXProject "Cumin" */;
			compatibilityVersion = "Xcode 3.1";
			hasScannedForEncodings = 1;
			mainGroup = 08FB7794FE84155DC02AAC07 /* Cumin */;
			projectDirPath = "";
			projectRoot = "";
			targets = (
				D2AAC045055464E500DB518D /* Cumin */,
				15A65C7D11301AC0003E8CE5 /* Cumin-Test */,
			);
		};
/* End PBXProject section */

/* Begin PBXResourcesBuildPhase section */
		15A65C7911301AC0003E8CE5 /* Resources */ = {
			isa = PBXResourcesBuildPhase;
			buildActionMask = 2147483647;
			files = (
			);
			runOnlyForDeploymentPostprocessing = 0;
		};
/* End PBXResourcesBuildPhase section */

/* Begin PBXShellScriptBuildPhase section */
		15A65C7C11301AC0003E8CE5 /* ShellScript */ = {
			isa = PBXShellScriptBuildPhase;
			buildActionMask = 2147483647;
			files = (
			);
			inputPaths = (
			);
			outputPaths = (
			);
			runOnlyForDeploymentPostprocessing = 0;
			shellPath = /bin/sh;
			shellScript = "# Run the unit tests in this test bundle.\n\"${SYSTEM_DEVELOPER_DIR}/Tools/RunUnitTests\"\n";
		};
/* End PBXShellScriptBuildPhase section */

/* Begin PBXSourcesBuildPhase section */
		15A65C7A11301AC0003E8CE5 /* Sources */ = {
			isa = PBXSourcesBuildPhase;
			buildActionMask = 2147483647;
			files = (
				15A65C9111301B6A003E8CE5 /* CuObjectTests.m in Sources */,
				15A65D151130226F003E8CE5 /* CuDataTests.m in Sources */,
				158344B6114ABD0A00394807 /* CuArrayTests.m in Sources */,
			);
			runOnlyForDeploymentPostprocessing = 0;
		};
		D2AAC044055464E500DB518D /* Sources */ = {
			isa = PBXSourcesBuildPhase;
			buildActionMask = 2147483647;
			files = (
				1517281A1130068E00460F9B /* CuObject.c in Sources */,
				151728271130087B00460F9B /* CuArray.c in Sources */,
				15A65D0511302204003E8CE5 /* CuData.c in Sources */,
				159114A41130A0E0000A0BC0 /* CuReleasePool.c in Sources */,
				158344B8114ABD2600394807 /* CuMutableArray.c in Sources */,
				158344CB114ABEC600394807 /* CuNumber.c in Sources */,
			);
			runOnlyForDeploymentPostprocessing = 0;
		};
/* End PBXSourcesBuildPhase section */

/* Begin PBXTargetDependency section */
		15A65CD611301DB5003E8CE5 /* PBXTargetDependency */ = {
			isa = PBXTargetDependency;
			target = D2AAC045055464E500DB518D /* Cumin */;
			targetProxy = 15A65CD511301DB5003E8CE5 /* PBXContainerItemProxy */;
		};
/* End PBXTargetDependency section */

/* Begin XCBuildConfiguration section */
		15A65C8011301AC1003E8CE5 /* Debug */ = {
			isa = XCBuildConfiguration;
			buildSettings = {
				ALWAYS_SEARCH_USER_PATHS = NO;
				COPY_PHASE_STRIP = NO;
				FRAMEWORK_SEARCH_PATHS = "$(DEVELOPER_LIBRARY_DIR)/Frameworks";
				GCC_DYNAMIC_NO_PIC = NO;
				GCC_ENABLE_FIX_AND_CONTINUE = NO;
				GCC_ENABLE_OBJC_EXCEPTIONS = YES;
				GCC_MODEL_TUNING = G5;
				GCC_OPTIMIZATION_LEVEL = 0;
				GCC_PRECOMPILE_PREFIX_HEADER = YES;
				GCC_PREFIX_HEADER = "Cumin-Test.pch";
				GCC_PREPROCESSOR_DEFINITIONS = "DEBUG=1";
				INFOPLIST_FILE = "Cumin-Test-Info.plist";
				INSTALL_PATH = "$(USER_LIBRARY_DIR)/Bundles";
				OTHER_LDFLAGS = (
					"-framework",
					Cocoa,
					"-framework",
					SenTestingKit,
				);
				PREBINDING = NO;
				PRODUCT_NAME = "Cumin-Test";
				WRAPPER_EXTENSION = octest;
			};
			name = Debug;
		};
		15A65C8111301AC1003E8CE5 /* Release */ = {
			isa = XCBuildConfiguration;
			buildSettings = {
				ALWAYS_SEARCH_USER_PATHS = NO;
				COPY_PHASE_STRIP = YES;
				DEBUG_INFORMATION_FORMAT = "dwarf-with-dsym";
				FRAMEWORK_SEARCH_PATHS = "$(DEVELOPER_LIBRARY_DIR)/Frameworks";
				GCC_ENABLE_FIX_AND_CONTINUE = NO;
				GCC_ENABLE_OBJC_EXCEPTIONS = YES;
				GCC_MODEL_TUNING = G5;
				GCC_PRECOMPILE_PREFIX_HEADER = YES;
				GCC_PREFIX_HEADER = "Cumin-Test.pch";
				INFOPLIST_FILE = "Cumin-Test-Info.plist";
				INSTALL_PATH = "$(USER_LIBRARY_DIR)/Bundles";
				OTHER_LDFLAGS = (
					"-framework",
					Cocoa,
					"-framework",
					SenTestingKit,
				);
				PREBINDING = NO;
				PRODUCT_NAME = "Cumin-Test";
				WRAPPER_EXTENSION = octest;
				ZERO_LINK = NO;
			};
			name = Release;
		};
		1DEB91EC08733DB70010E9CD /* Debug */ = {
			isa = XCBuildConfiguration;
			buildSettings = {
				ALWAYS_SEARCH_USER_PATHS = NO;
				COPY_PHASE_STRIP = NO;
				GCC_DYNAMIC_NO_PIC = NO;
				GCC_ENABLE_FIX_AND_CONTINUE = YES;
				GCC_MODEL_TUNING = G5;
				GCC_OPTIMIZATION_LEVEL = 0;
				INSTALL_PATH = /usr/local/lib;
				PRODUCT_NAME = Cumin;
			};
			name = Debug;
		};
		1DEB91ED08733DB70010E9CD /* Release */ = {
			isa = XCBuildConfiguration;
			buildSettings = {
				ALWAYS_SEARCH_USER_PATHS = NO;
				DEBUG_INFORMATION_FORMAT = "dwarf-with-dsym";
				GCC_MODEL_TUNING = G5;
				INSTALL_PATH = /usr/local/lib;
				PRODUCT_NAME = Cumin;
			};
			name = Release;
		};
		1DEB91F008733DB70010E9CD /* Debug */ = {
			isa = XCBuildConfiguration;
			buildSettings = {
				ARCHS = "$(ARCHS_STANDARD_32_64_BIT)";
				GCC_C_LANGUAGE_STANDARD = gnu99;
				GCC_OPTIMIZATION_LEVEL = 0;
				GCC_WARN_ABOUT_RETURN_TYPE = YES;
				GCC_WARN_UNUSED_VARIABLE = YES;
				ONLY_ACTIVE_ARCH = YES;
				PREBINDING = NO;
				SDKROOT = macosx10.6;
			};
			name = Debug;
		};
		1DEB91F108733DB70010E9CD /* Release */ = {
			isa = XCBuildConfiguration;
			buildSettings = {
				ARCHS = "$(ARCHS_STANDARD_32_64_BIT)";
				GCC_C_LANGUAGE_STANDARD = gnu99;
				GCC_WARN_ABOUT_RETURN_TYPE = YES;
				GCC_WARN_UNUSED_VARIABLE = YES;
				PREBINDING = NO;
				SDKROOT = macosx10.6;
			};
			name = Release;
		};
/* End XCBuildConfiguration section */

/* Begin XCConfigurationList section */
		15A65C8211301AC1003E8CE5 /* Build configuration list for PBXNativeTarget "Cumin-Test" */ = {
			isa = XCConfigurationList;
			buildConfigurations = (
				15A65C8011301AC1003E8CE5 /* Debug */,
				15A65C8111301AC1003E8CE5 /* Release */,
			);
			defaultConfigurationIsVisible = 0;
			defaultConfigurationName = Release;
		};
		1DEB91EB08733DB70010E9CD /* Build configuration list for PBXNativeTarget "Cumin" */ = {
			isa = XCConfigurationList;
			buildConfigurations = (
				1DEB91EC08733DB70010E9CD /* Debug */,
				1DEB91ED08733DB70010E9CD /* Release */,
			);
			defaultConfigurationIsVisible = 0;
			defaultConfigurationName = Release;
		};
		1DEB91EF08733DB70010E9CD /* Build configuration list for PBXProject "Cumin" */ = {
			isa = XCConfigurationList;
			buildConfigurations = (
				1DEB91F008733DB70010E9CD /* Debug */,
				1DEB91F108733DB70010E9CD /* Release */,
			);
			defaultConfigurationIsVisible = 0;
			defaultConfigurationName = Release;
		};
/* End XCConfigurationList section */
	};
	rootObject = 08FB7793FE84155DC02AAC07 /* Project object */;
}
